
Microsoft Visual Studio Solution File, Format Version 12.00
# Visual Studio Version 16
VisualStudioVersion = 16.0.30503.244
MinimumVisualStudioVersion = 10.0.40219.1
Project("{FAE04EC0-301F-11D3-BF4B-00C04F79EFBC}") = "prControlTimer", "prControlTimer.csproj", "{328B8415-F65A-40E6-8BA2-214BD2D234CF}"
EndProject
Global
	GlobalSection(SolutionConfigurationPlatforms) = preSolution
		Debug|Any CPU = Debug|Any CPU
		Release|Any CPU = Release|Any CPU
	EndGlobalSection
	GlobalSection(ProjectConfigurationPlatforms) = postSolution
		{328B8415-F65A-40E6-8BA2-214BD2D234CF}.Debug|Any CPU.ActiveCfg = Debug|Any CPU
		{328B8415-F65A-40E6-8BA2-214BD2D234CF}.Debug|Any CPU.Build.0 = Debug|Any CPU
		{328B8415-F65A-40E6-8BA2-214BD2D234CF}.Release|Any CPU.ActiveCfg = Release|Any CPU
		{328B8415-F65A-40E6-8BA2-214BD2D234CF}.Release|Any CPU.Build.0 = Release|Any CPU
	EndGlobalSection
	GlobalSection(SolutionProperties) = preSolution
		HideSolutionNode = FALSE
	EndGlobalSection
	GlobalSection(ExtensibilityGlobals) = postSolution
		SolutionGuid = {A1B2DC61-EF3F-4252-9678-325796E549DF}
	EndGlobalSection
EndGlobal
